
Microsoft Visual Studio Solution File, Format Version 12.00
# Visual Studio Version 17
VisualStudioVersion = 17.8.34330.188
MinimumVisualStudioVersion = 10.0.40219.1
Project("{9A19103F-16F7-4668-BE54-9A1E7A4F7556}") = "Figure", "Figure.csproj", "{95CB1D2A-C21A-405D-8B7D-300151C1AF25}"
EndProject
Project("{FAE04EC0-301F-11D3-BF4B-00C04F79EFBC}") = "Figure.Test", "..\Figure.Test\Figure.Test.csproj", "{963FA62C-071C-4EAD-9360-0162C342C9B0}"
EndProject
Global
	GlobalSection(SolutionConfigurationPlatforms) = preSolution
		Debug|Any CPU = Debug|Any CPU
		Release|Any CPU = Release|Any CPU
	EndGlobalSection
	GlobalSection(ProjectConfigurationPlatforms) = postSolution
		{95CB1D2A-C21A-405D-8B7D-300151C1AF25}.Debug|Any CPU.ActiveCfg = Debug|Any CPU
		{95CB1D2A-C21A-405D-8B7D-300151C1AF25}.Debug|Any CPU.Build.0 = Debug|Any CPU
		{95CB1D2A-C21A-405D-8B7D-300151C1AF25}.Release|Any CPU.ActiveCfg = Release|Any CPU
		{95CB1D2A-C21A-405D-8B7D-300151C1AF25}.Release|Any CPU.Build.0 = Release|Any CPU
		{963FA62C-071C-4EAD-9360-0162C342C9B0}.Debug|Any CPU.ActiveCfg = Debug|Any CPU
		{963FA62C-071C-4EAD-9360-0162C342C9B0}.Debug|Any CPU.Build.0 = Debug|Any CPU
		{963FA62C-071C-4EAD-9360-0162C342C9B0}.Release|Any CPU.ActiveCfg = Release|Any CPU
		{963FA62C-071C-4EAD-9360-0162C342C9B0}.Release|Any CPU.Build.0 = Release|Any CPU
	EndGlobalSection
	GlobalSection(SolutionProperties) = preSolution
		HideSolutionNode = FALSE
	EndGlobalSection
	GlobalSection(ExtensibilityGlobals) = postSolution
		SolutionGuid = {E0FFEC0D-8D3E-4093-93DF-5B34A99713C2}
	EndGlobalSection
EndGlobal
